{
  "name": "02-use-password-generator-ts-from-npm",
  "lockfileVersion": 3,
  "requires": true,
  "packages": {
    "": {
      "dependencies": {
        "password-generator-shai-ts": "^1.0.0"
      }
    },
    "node_modules/password-generator-shai-ts": {
      "version": "1.0.0",
      "resolved": "https://registry.npmjs.org/password-generator-shai-ts/-/password-generator-shai-ts-1.0.0.tgz",
      "integrity": "sha512-VrjMT1iqQiWde7WzIqnUQoSHy+VINYaBKzccMDazTzXLEwvjeAXpsEY07s9OLBDq8cUYvtaz8i9N5nrOVA9Qfw==",
      "license": "MIT"
    }
  }
}
